
Microsoft Visual Studio Solution File, Format Version 12.00
# Visual Studio Version 17
VisualStudioVersion = 17.7.34031.279
MinimumVisualStudioVersion = 10.0.40219.1
Project("{FAE04EC0-301F-11D3-BF4B-00C04F79EFBC}") = "sslfix", "sslfix\sslfix.csproj", "{611DE185-3C4C-4980-A4E6-EF4D10C3D389}"
EndProject
Global
	GlobalSection(SolutionConfigurationPlatforms) = preSolution
		Debug|Any CPU = Debug|Any CPU
		Release|Any CPU = Release|Any CPU
	EndGlobalSection
	GlobalSection(ProjectConfigurationPlatforms) = postSolution
		{611DE185-3C4C-4980-A4E6-EF4D10C3D389}.Debug|Any CPU.ActiveCfg = Debug|Any CPU
		{611DE185-3C4C-4980-A4E6-EF4D10C3D389}.Debug|Any CPU.Build.0 = Debug|Any CPU
		{611DE185-3C4C-4980-A4E6-EF4D10C3D389}.Release|Any CPU.ActiveCfg = Release|Any CPU
		{611DE185-3C4C-4980-A4E6-EF4D10C3D389}.Release|Any CPU.Build.0 = Release|Any CPU
	EndGlobalSection
	GlobalSection(SolutionProperties) = preSolution
		HideSolutionNode = FALSE
	EndGlobalSection
	GlobalSection(ExtensibilityGlobals) = postSolution
		SolutionGuid = {6A3993CE-C0CE-4354-8317-35D092F31C6E}
	EndGlobalSection
EndGlobal
